{
  "name": "hxmy",
  "version": "1.0.0",
  "lockfileVersion": 3,
  "requires": true,
  "packages": {
    "": {
      "name": "hxmy",
      "version": "1.0.0",
      "license": "ISC",
      "dependencies": {
        "@icon-park/svg": "^1.4.2"
      }
    },
    "node_modules/@icon-park/svg": {
      "version": "1.4.2",
      "resolved": "https://registry.npmmirror.com/@icon-park/svg/-/svg-1.4.2.tgz",
      "integrity": "sha512-1X0DA+1e0R0liYvw+Nb2BQmF1oEo/wS3o/JYkQYifPJXCGYij2vN9sJf/NNhbzDsJWTg4W2bbzZjJvC7Q4w4oQ==",
      "license": "Apache-2.0",
      "engines": {
        "node": ">= 8.0.0",
        "npm": ">= 5.0.0"
      }
    }
  }
}
